// !$*UTF8*$!
{
	archiveVersion = 1;
	classes = {
	};
	objectVersion = 48;
	objects = {

/* Begin PBXBuildFile section */
		2563DE8520607FF600383AF3 /* PhotoDataSource.swift in Sources */ = {isa = PBXBuildFile; fileRef = 2563DE8420607FF600383AF3 /* PhotoDataSource.swift */; };
		2563DE872060837E00383AF3 /* PhotoCollectionViewCell.swift in Sources */ = {isa = PBXBuildFile; fileRef = 2563DE862060837E00383AF3 /* PhotoCollectionViewCell.swift */; };
		25EEB800205750BC00A0B280 /* AppDelegate.swift in Sources */ = {isa = PBXBuildFile; fileRef = 25EEB7FF205750BC00A0B280 /* AppDelegate.swift */; };
		25EEB805205750BC00A0B280 /* Main.storyboard in Resources */ = {isa = PBXBuildFile; fileRef = 25EEB803205750BC00A0B280 /* Main.storyboard */; };
		25EEB807205750BC00A0B280 /* Assets.xcassets in Resources */ = {isa = PBXBuildFile; fileRef = 25EEB806205750BC00A0B280 /* Assets.xcassets */; };
		25EEB80A205750BC00A0B280 /* LaunchScreen.storyboard in Resources */ = {isa = PBXBuildFile; fileRef = 25EEB808205750BC00A0B280 /* LaunchScreen.storyboard */; };
		25EEB815205750BD00A0B280 /* PhotoramaTests.swift in Sources */ = {isa = PBXBuildFile; fileRef = 25EEB814205750BD00A0B280 /* PhotoramaTests.swift */; };
		25EEB820205750BD00A0B280 /* PhotoramaUITests.swift in Sources */ = {isa = PBXBuildFile; fileRef = 25EEB81F205750BD00A0B280 /* PhotoramaUITests.swift */; };
		25EEB82E2057510700A0B280 /* PhotosViewController.swift in Sources */ = {isa = PBXBuildFile; fileRef = 25EEB82D2057510700A0B280 /* PhotosViewController.swift */; };
		25EEB8302057540700A0B280 /* FlickrAPI.swift in Sources */ = {isa = PBXBuildFile; fileRef = 25EEB82F2057540700A0B280 /* FlickrAPI.swift */; };
		25EEB832205757E600A0B280 /* PhotoStore.swift in Sources */ = {isa = PBXBuildFile; fileRef = 25EEB831205757E600A0B280 /* PhotoStore.swift */; };
		25EEB83420575AB400A0B280 /* Photo.swift in Sources */ = {isa = PBXBuildFile; fileRef = 25EEB83320575AB400A0B280 /* Photo.swift */; };
/* End PBXBuildFile section */

/* Begin PBXContainerItemProxy section */
		25EEB811205750BD00A0B280 /* PBXContainerItemProxy */ = {
			isa = PBXContainerItemProxy;
			containerPortal = 25EEB7F4205750BC00A0B280 /* Project object */;
			proxyType = 1;
			remoteGlobalIDString = 25EEB7FB205750BC00A0B280;
			remoteInfo = Photorama;
		};
		25EEB81C205750BD00A0B280 /* PBXContainerItemProxy */ = {
			isa = PBXContainerItemProxy;
			containerPortal = 25EEB7F4205750BC00A0B280 /* Project object */;
			proxyType = 1;
			remoteGlobalIDString = 25EEB7FB205750BC00A0B280;
			remoteInfo = Photorama;
		};
/* End PBXContainerItemProxy section */

/* Begin PBXFileReference section */
		2563DE8420607FF600383AF3 /* PhotoDataSource.swift */ = {isa = PBXFileReference; lastKnownFileType = sourcecode.swift; path = PhotoDataSource.swift; sourceTree = "<group>"; };
		2563DE862060837E00383AF3 /* PhotoCollectionViewCell.swift */ = {isa = PBXFileReference; lastKnownFileType = sourcecode.swift; path = PhotoCollectionViewCell.swift; sourceTree = "<group>"; };
		25EEB7FC205750BC00A0B280 /* Photorama.app */ = {isa = PBXFileReference; explicitFileType = wrapper.application; includeInIndex = 0; path = Photorama.app; sourceTree = BUILT_PRODUCTS_DIR; };
		25EEB7FF205750BC00A0B280 /* AppDelegate.swift */ = {isa = PBXFileReference; lastKnownFileType = sourcecode.swift; path = AppDelegate.swift; sourceTree = "<group>"; };
		25EEB804205750BC00A0B280 /* Base */ = {isa = PBXFileReference; lastKnownFileType = file.storyboard; name = Base; path = Base.lproj/Main.storyboard; sourceTree = "<group>"; };
		25EEB806205750BC00A0B280 /* Assets.xcassets */ = {isa = PBXFileReference; lastKnownFileType = folder.assetcatalog; path = Assets.xcassets; sourceTree = "<group>"; };
		25EEB809205750BC00A0B280 /* Base */ = {isa = PBXFileReference; lastKnownFileType = file.storyboard; name = Base; path = Base.lproj/LaunchScreen.storyboard; sourceTree = "<group>"; };
		25EEB80B205750BC00A0B280 /* Info.plist */ = {isa = PBXFileReference; lastKnownFileType = text.plist.xml; path = Info.plist; sourceTree = "<group>"; };
		25EEB810205750BD00A0B280 /* PhotoramaTests.xctest */ = {isa = PBXFileReference; explicitFileType = wrapper.cfbundle; includeInIndex = 0; path = PhotoramaTests.xctest; sourceTree = BUILT_PRODUCTS_DIR; };
		25EEB814205750BD00A0B280 /* PhotoramaTests.swift */ = {isa = PBXFileReference; lastKnownFileType = sourcecode.swift; path = PhotoramaTests.swift; sourceTree = "<group>"; };
		25EEB816205750BD00A0B280 /* Info.plist */ = {isa = PBXFileReference; lastKnownFileType = text.plist.xml; path = Info.plist; sourceTree = "<group>"; };
		25EEB81B205750BD00A0B280 /* PhotoramaUITests.xctest */ = {isa = PBXFileReference; explicitFileType = wrapper.cfbundle; includeInIndex = 0; path = PhotoramaUITests.xctest; sourceTree = BUILT_PRODUCTS_DIR; };
		25EEB81F205750BD00A0B280 /* PhotoramaUITests.swift */ = {isa = PBXFileReference; lastKnownFileType = sourcecode.swift; path = PhotoramaUITests.swift; sourceTree = "<group>"; };
		25EEB821205750BD00A0B280 /* Info.plist */ = {isa = PBXFileReference; lastKnownFileType = text.plist.xml; path = Info.plist; sourceTree = "<group>"; };
		25EEB82D2057510700A0B280 /* PhotosViewController.swift */ = {isa = PBXFileReference; lastKnownFileType = sourcecode.swift; path = PhotosViewController.swift; sourceTree = "<group>"; };
		25EEB82F2057540700A0B280 /* FlickrAPI.swift */ = {isa = PBXFileReference; lastKnownFileType = sourcecode.swift; path = FlickrAPI.swift; sourceTree = "<group>"; };
		25EEB831205757E600A0B280 /* PhotoStore.swift */ = {isa = PBXFileReference; lastKnownFileType = sourcecode.swift; path = PhotoStore.swift; sourceTree = "<group>"; };
		25EEB83320575AB400A0B280 /* Photo.swift */ = {isa = PBXFileReference; lastKnownFileType = sourcecode.swift; path = Photo.swift; sourceTree = "<group>"; };
/* End PBXFileReference section */

/* Begin PBXFrameworksBuildPhase section */
		25EEB7F9205750BC00A0B280 /* Frameworks */ = {
			isa = PBXFrameworksBuildPhase;
			buildActionMask = 2147483647;
			files = (
			);
			runOnlyForDeploymentPostprocessing = 0;
		};
		25EEB80D205750BD00A0B280 /* Frameworks */ = {
			isa = PBXFrameworksBuildPhase;
			buildActionMask = 2147483647;
			files = (
			);
			runOnlyForDeploymentPostprocessing = 0;
		};
		25EEB818205750BD00A0B280 /* Frameworks */ = {
			isa = PBXFrameworksBuildPhase;
			buildActionMask = 2147483647;
			files = (
			);
			runOnlyForDeploymentPostprocessing = 0;
		};
/* End PBXFrameworksBuildPhase section */

/* Begin PBXGroup section */
		25EEB7F3205750BC00A0B280 = {
			isa = PBXGroup;
			children = (
				25EEB7FE205750BC00A0B280 /* Photorama */,
				25EEB813205750BD00A0B280 /* PhotoramaTests */,
				25EEB81E205750BD00A0B280 /* PhotoramaUITests */,
				25EEB7FD205750BC00A0B280 /* Products */,
			);
			sourceTree = "<group>";
		};
		25EEB7FD205750BC00A0B280 /* Products */ = {
			isa = PBXGroup;
			children = (
				25EEB7FC205750BC00A0B280 /* Photorama.app */,
				25EEB810205750BD00A0B280 /* PhotoramaTests.xctest */,
				25EEB81B205750BD00A0B280 /* PhotoramaUITests.xctest */,
			);
			name = Products;
			sourceTree = "<group>";
		};
		25EEB7FE205750BC00A0B280 /* Photorama */ = {
			isa = PBXGroup;
			children = (
				25EEB7FF205750BC00A0B280 /* AppDelegate.swift */,
				25EEB803205750BC00A0B280 /* Main.storyboard */,
				25EEB806205750BC00A0B280 /* Assets.xcassets */,
				25EEB808205750BC00A0B280 /* LaunchScreen.storyboard */,
				25EEB80B205750BC00A0B280 /* Info.plist */,
				25EEB82D2057510700A0B280 /* PhotosViewController.swift */,
				25EEB82F2057540700A0B280 /* FlickrAPI.swift */,
				25EEB831205757E600A0B280 /* PhotoStore.swift */,
				25EEB83320575AB400A0B280 /* Photo.swift */,
				2563DE8420607FF600383AF3 /* PhotoDataSource.swift */,
				2563DE862060837E00383AF3 /* PhotoCollectionViewCell.swift */,
			);
			path = Photorama;
			sourceTree = "<group>";
		};
		25EEB813205750BD00A0B280 /* PhotoramaTests */ = {
			isa = PBXGroup;
			children = (
				25EEB814205750BD00A0B280 /* PhotoramaTests.swift */,
				25EEB816205750BD00A0B280 /* Info.plist */,
			);
			path = PhotoramaTests;
			sourceTree = "<group>";
		};
		25EEB81E205750BD00A0B280 /* PhotoramaUITests */ = {
			isa = PBXGroup;
			children = (
				25EEB81F205750BD00A0B280 /* PhotoramaUITests.swift */,
				25EEB821205750BD00A0B280 /* Info.plist */,
			);
			path = PhotoramaUITests;
			sourceTree = "<group>";
		};
/* End PBXGroup section */

/* Begin PBXNativeTarget section */
		25EEB7FB205750BC00A0B280 /* Photorama */ = {
			isa = PBXNativeTarget;
			buildConfigurationList = 25EEB824205750BD00A0B280 /* Build configuration list for PBXNativeTarget "Photorama" */;
			buildPhases = (
				25EEB7F8205750BC00A0B280 /* Sources */,
				25EEB7F9205750BC00A0B280 /* Frameworks */,
				25EEB7FA205750BC00A0B280 /* Resources */,
			);
			buildRules = (
			);
			dependencies = (
			);
			name = Photorama;
			productName = Photorama;
			productReference = 25EEB7FC205750BC00A0B280 /* Photorama.app */;
			productType = "com.apple.product-type.application";
		};
		25EEB80F205750BD00A0B280 /* PhotoramaTests */ = {
			isa = PBXNativeTarget;
			buildConfigurationList = 25EEB827205750BD00A0B280 /* Build configuration list for PBXNativeTarget "PhotoramaTests" */;
			buildPhases = (
				25EEB80C205750BD00A0B280 /* Sources */,
				25EEB80D205750BD00A0B280 /* Frameworks */,
				25EEB80E205750BD00A0B280 /* Resources */,
			);
			buildRules = (
			);
			dependencies = (
				25EEB812205750BD00A0B280 /* PBXTargetDependency */,
			);
			name = PhotoramaTests;
			productName = PhotoramaTests;
			productReference = 25EEB810205750BD00A0B280 /* PhotoramaTests.xctest */;
			productType = "com.apple.product-type.bundle.unit-test";
		};
		25EEB81A205750BD00A0B280 /* PhotoramaUITests */ = {
			isa = PBXNativeTarget;
			buildConfigurationList = 25EEB82A205750BD00A0B280 /* Build configuration list for PBXNativeTarget "PhotoramaUITests" */;
			buildPhases = (
				25EEB817205750BD00A0B280 /* Sources */,
				25EEB818205750BD00A0B280 /* Frameworks */,
				25EEB819205750BD00A0B280 /* Resources */,
			);
			buildRules = (
			);
			dependencies = (
				25EEB81D205750BD00A0B280 /* PBXTargetDependency */,
			);
			name = PhotoramaUITests;
			productName = PhotoramaUITests;
			productReference = 25EEB81B205750BD00A0B280 /* PhotoramaUITests.xctest */;
			productType = "com.apple.product-type.bundle.ui-testing";
		};
/* End PBXNativeTarget section */

/* Begin PBXProject section */
		25EEB7F4205750BC00A0B280 /* Project object */ = {
			isa = PBXProject;
			attributes = {
				LastSwiftUpdateCheck = 0920;
				LastUpgradeCheck = 0920;
				ORGANIZATIONNAME = "Tarun Singh";
				TargetAttributes = {
					25EEB7FB205750BC00A0B280 = {
						CreatedOnToolsVersion = 9.2;
						ProvisioningStyle = Automatic;
					};
					25EEB80F205750BD00A0B280 = {
						CreatedOnToolsVersion = 9.2;
						ProvisioningStyle = Automatic;
						TestTargetID = 25EEB7FB205750BC00A0B280;
					};
					25EEB81A205750BD00A0B280 = {
						CreatedOnToolsVersion = 9.2;
						ProvisioningStyle = Automatic;
						TestTargetID = 25EEB7FB205750BC00A0B280;
					};
				};
			};
			buildConfigurationList = 25EEB7F7205750BC00A0B280 /* Build configuration list for PBXProject "Photorama" */;
			compatibilityVersion = "Xcode 8.0";
			developmentRegion = en;
			hasScannedForEncodings = 0;
			knownRegions = (
				en,
				Base,
			);
			mainGroup = 25EEB7F3205750BC00A0B280;
			productRefGroup = 25EEB7FD205750BC00A0B280 /* Products */;
			projectDirPath = "";
			projectRoot = "";
			targets = (
				25EEB7FB205750BC00A0B280 /* Photorama */,
				25EEB80F205750BD00A0B280 /* PhotoramaTests */,
				25EEB81A205750BD00A0B280 /* PhotoramaUITests */,
			);
		};
/* End PBXProject section */

/* Begin PBXResourcesBuildPhase section */
		25EEB7FA205750BC00A0B280 /* Resources */ = {
			isa = PBXResourcesBuildPhase;
			buildActionMask = 2147483647;
			files = (
				25EEB80A205750BC00A0B280 /* LaunchScreen.storyboard in Resources */,
				25EEB807205750BC00A0B280 /* Assets.xcassets in Resources */,
				25EEB805205750BC00A0B280 /* Main.storyboard in Resources */,
			);
			runOnlyForDeploymentPostprocessing = 0;
		};
		25EEB80E205750BD00A0B280 /* Resources */ = {
			isa = PBXResourcesBuildPhase;
			buildActionMask = 2147483647;
			files = (
			);
			runOnlyForDeploymentPostprocessing = 0;
		};
		25EEB819205750BD00A0B280 /* Resources */ = {
			isa = PBXResourcesBuildPhase;
			buildActionMask = 2147483647;
			files = (
			);
			runOnlyForDeploymentPostprocessing = 0;
		};
/* End PBXResourcesBuildPhase section */

/* Begin PBXSourcesBuildPhase section */
		25EEB7F8205750BC00A0B280 /* Sources */ = {
			isa = PBXSourcesBuildPhase;
			buildActionMask = 2147483647;
			files = (
				25EEB8302057540700A0B280 /* FlickrAPI.swift in Sources */,
				25EEB82E2057510700A0B280 /* PhotosViewController.swift in Sources */,
				25EEB832205757E600A0B280 /* PhotoStore.swift in Sources */,
				2563DE8520607FF600383AF3 /* PhotoDataSource.swift in Sources */,
				2563DE872060837E00383AF3 /* PhotoCollectionViewCell.swift in Sources */,
				25EEB800205750BC00A0B280 /* AppDelegate.swift in Sources */,
				25EEB83420575AB400A0B280 /* Photo.swift in Sources */,
			);
			runOnlyForDeploymentPostprocessing = 0;
		};
		25EEB80C205750BD00A0B280 /* Sources */ = {
			isa = PBXSourcesBuildPhase;
			buildActionMask = 2147483647;
			files = (
				25EEB815205750BD00A0B280 /* PhotoramaTests.swift in Sources */,
			);
			runOnlyForDeploymentPostprocessing = 0;
		};
		25EEB817205750BD00A0B280 /* Sources */ = {
			isa = PBXSourcesBuildPhase;
			buildActionMask = 2147483647;
			files = (
				25EEB820205750BD00A0B280 /* PhotoramaUITests.swift in Sources */,
			);
			runOnlyForDeploymentPostprocessing = 0;
		};
/* End PBXSourcesBuildPhase section */

/* Begin PBXTargetDependency section */
		25EEB812205750BD00A0B280 /* PBXTargetDependency */ = {
			isa = PBXTargetDependency;
			target = 25EEB7FB205750BC00A0B280 /* Photorama */;
			targetProxy = 25EEB811205750BD00A0B280 /* PBXContainerItemProxy */;
		};
		25EEB81D205750BD00A0B280 /* PBXTargetDependency */ = {
			isa = PBXTargetDependency;
			target = 25EEB7FB205750BC00A0B280 /* Photorama */;
			targetProxy = 25EEB81C205750BD00A0B280 /* PBXContainerItemProxy */;
		};
/* End PBXTargetDependency section */

/* Begin PBXVariantGroup section */
		25EEB803205750BC00A0B280 /* Main.storyboard */ = {
			isa = PBXVariantGroup;
			children = (
				25EEB804205750BC00A0B280 /* Base */,
			);
			name = Main.storyboard;
			sourceTree = "<group>";
		};
		25EEB808205750BC00A0B280 /* LaunchScreen.storyboard */ = {
			isa = PBXVariantGroup;
			children = (
				25EEB809205750BC00A0B280 /* Base */,
			);
			name = LaunchScreen.storyboard;
			sourceTree = "<group>";
		};
/* End PBXVariantGroup section */

/* Begin XCBuildConfiguration section */
		25EEB822205750BD00A0B280 /* Debug */ = {
			isa = XCBuildConfiguration;
			buildSettings = {
				ALWAYS_SEARCH_USER_PATHS = NO;
				CLANG_ANALYZER_NONNULL = YES;
				CLANG_ANALYZER_NUMBER_OBJECT_CONVERSION = YES_AGGRESSIVE;
				CLANG_CXX_LANGUAGE_STANDARD = "gnu++14";
				CLANG_CXX_LIBRARY = "libc++";
				CLANG_ENABLE_MODULES = YES;
				CLANG_ENABLE_OBJC_ARC = YES;
				CLANG_WARN_BLOCK_CAPTURE_AUTORELEASING = YES;
				CLANG_WARN_BOOL_CONVERSION = YES;
				CLANG_WARN_COMMA = YES;
				CLANG_WARN_CONSTANT_CONVERSION = YES;
				CLANG_WARN_DIRECT_OBJC_ISA_USAGE = YES_ERROR;
				CLANG_WARN_DOCUMENTATION_COMMENTS = YES;
				CLANG_WARN_EMPTY_BODY = YES;
				CLANG_WARN_ENUM_CONVERSION = YES;
				CLANG_WARN_INFINITE_RECURSION = YES;
				CLANG_WARN_INT_CONVERSION = YES;
				CLANG_WARN_NON_LITERAL_NULL_CONVERSION = YES;
				CLANG_WARN_OBJC_LITERAL_CONVERSION = YES;
				CLANG_WARN_OBJC_ROOT_CLASS = YES_ERROR;
				CLANG_WARN_RANGE_LOOP_ANALYSIS = YES;
				CLANG_WARN_STRICT_PROTOTYPES = YES;
				CLANG_WARN_SUSPICIOUS_MOVE = YES;
				CLANG_WARN_UNGUARDED_AVAILABILITY = YES_AGGRESSIVE;
				CLANG_WARN_UNREACHABLE_CODE = YES;
				CLANG_WARN__DUPLICATE_METHOD_MATCH = YES;
				CODE_SIGN_IDENTITY = "iPhone Developer";
				COPY_PHASE_STRIP = NO;
				DEBUG_INFORMATION_FORMAT = dwarf;
				ENABLE_STRICT_OBJC_MSGSEND = YES;
				ENABLE_TESTABILITY = YES;
				GCC_C_LANGUAGE_STANDARD = gnu11;
				GCC_DYNAMIC_NO_PIC = NO;
				GCC_NO_COMMON_BLOCKS = YES;
				GCC_OPTIMIZATION_LEVEL = 0;
				GCC_PREPROCESSOR_DEFINITIONS = (
					"DEBUG=1",
					"$(inherited)",
				);
				GCC_WARN_64_TO_32_BIT_CONVERSION = YES;
				GCC_WARN_ABOUT_RETURN_TYPE = YES_ERROR;
				GCC_WARN_UNDECLARED_SELECTOR = YES;
				GCC_WARN_UNINITIALIZED_AUTOS = YES_AGGRESSIVE;
				GCC_WARN_UNUSED_FUNCTION = YES;
				GCC_WARN_UNUSED_VARIABLE = YES;
				IPHONEOS_DEPLOYMENT_TARGET = 11.2;
				MTL_ENABLE_DEBUG_INFO = YES;
				ONLY_ACTIVE_ARCH = YES;
				SDKROOT = iphoneos;
				SWIFT_ACTIVE_COMPILATION_CONDITIONS = DEBUG;
				SWIFT_OPTIMIZATION_LEVEL = "-Onone";
			};
			name = Debug;
		};
		25EEB823205750BD00A0B280 /* Release */ = {
			isa = XCBuildConfiguration;
			buildSettings = {
				ALWAYS_SEARCH_USER_PATHS = NO;
				CLANG_ANALYZER_NONNULL = YES;
				CLANG_ANALYZER_NUMBER_OBJECT_CONVERSION = YES_AGGRESSIVE;
				CLANG_CXX_LANGUAGE_STANDARD = "gnu++14";
				CLANG_CXX_LIBRARY = "libc++";
				CLANG_ENABLE_MODULES = YES;
				CLANG_ENABLE_OBJC_ARC = YES;
				CLANG_WARN_BLOCK_CAPTURE_AUTORELEASING = YES;
				CLANG_WARN_BOOL_CONVERSION = YES;
				CLANG_WARN_COMMA = YES;
				CLANG_WARN_CONSTANT_CONVERSION = YES;
				CLANG_WARN_DIRECT_OBJC_ISA_USAGE = YES_ERROR;
				CLANG_WARN_DOCUMENTATION_COMMENTS = YES;
				CLANG_WARN_EMPTY_BODY = YES;
				CLANG_WARN_ENUM_CONVERSION = YES;
				CLANG_WARN_INFINITE_RECURSION = YES;
				CLANG_WARN_INT_CONVERSION = YES;
				CLANG_WARN_NON_LITERAL_NULL_CONVERSION = YES;
				CLANG_WARN_OBJC_LITERAL_CONVERSION = YES;
				CLANG_WARN_OBJC_ROOT_CLASS = YES_ERROR;
				CLANG_WARN_RANGE_LOOP_ANALYSIS = YES;
				CLANG_WARN_STRICT_PROTOTYPES = YES;
				CLANG_WARN_SUSPICIOUS_MOVE = YES;
				CLANG_WARN_UNGUARDED_AVAILABILITY = YES_AGGRESSIVE;
				CLANG_WARN_UNREACHABLE_CODE = YES;
				CLANG_WARN__DUPLICATE_METHOD_MATCH = YES;
				CODE_SIGN_IDENTITY = "iPhone Developer";
				COPY_PHASE_STRIP = NO;
				DEBUG_INFORMATION_FORMAT = "dwarf-with-dsym";
				ENABLE_NS_ASSERTIONS = NO;
				ENABLE_STRICT_OBJC_MSGSEND = YES;
				GCC_C_LANGUAGE_STANDARD = gnu11;
				GCC_NO_COMMON_BLOCKS = YES;
				GCC_WARN_64_TO_32_BIT_CONVERSION = YES;
				GCC_WARN_ABOUT_RETURN_TYPE = YES_ERROR;
				GCC_WARN_UNDECLARED_SELECTOR = YES;
				GCC_WARN_UNINITIALIZED_AUTOS = YES_AGGRESSIVE;
				GCC_WARN_UNUSED_FUNCTION = YES;
				GCC_WARN_UNUSED_VARIABLE = YES;
				IPHONEOS_DEPLOYMENT_TARGET = 11.2;
				MTL_ENABLE_DEBUG_INFO = NO;
				SDKROOT = iphoneos;
				SWIFT_OPTIMIZATION_LEVEL = "-Owholemodule";
				VALIDATE_PRODUCT = YES;
			};
			name = Release;
		};
		25EEB825205750BD00A0B280 /* Debug */ = {
			isa = XCBuildConfiguration;
			buildSettings = {
				ASSETCATALOG_COMPILER_APPICON_NAME = AppIcon;
				CODE_SIGN_STYLE = Automatic;
				DEVELOPMENT_TEAM = 2BULHRS882;
				INFOPLIST_FILE = Photorama/Info.plist;
				LD_RUNPATH_SEARCH_PATHS = "$(inherited) @executable_path/Frameworks";
				PRODUCT_BUNDLE_IDENTIFIER = ca.Tarun.Photorama;
				PRODUCT_NAME = "$(TARGET_NAME)";
				SWIFT_VERSION = 4.0;
				TARGETED_DEVICE_FAMILY = "1,2";
			};
			name = Debug;
		};
		25EEB826205750BD00A0B280 /* Release */ = {
			isa = XCBuildConfiguration;
			buildSettings = {
				ASSETCATALOG_COMPILER_APPICON_NAME = AppIcon;
				CODE_SIGN_STYLE = Automatic;
				DEVELOPMENT_TEAM = 2BULHRS882;
				INFOPLIST_FILE = Photorama/Info.plist;
				LD_RUNPATH_SEARCH_PATHS = "$(inherited) @executable_path/Frameworks";
				PRODUCT_BUNDLE_IDENTIFIER = ca.Tarun.Photorama;
				PRODUCT_NAME = "$(TARGET_NAME)";
				SWIFT_VERSION = 4.0;
				TARGETED_DEVICE_FAMILY = "1,2";
			};
			name = Release;
		};
		25EEB828205750BD00A0B280 /* Debug */ = {
			isa = XCBuildConfiguration;
			buildSettings = {
				ALWAYS_EMBED_SWIFT_STANDARD_LIBRARIES = YES;
				BUNDLE_LOADER = "$(TEST_HOST)";
				CODE_SIGN_STYLE = Automatic;
				DEVELOPMENT_TEAM = 2BULHRS882;
				INFOPLIST_FILE = PhotoramaTests/Info.plist;
				LD_RUNPATH_SEARCH_PATHS = "$(inherited) @executable_path/Frameworks @loader_path/Frameworks";
				PRODUCT_BUNDLE_IDENTIFIER = ca.Tarun.PhotoramaTests;
				PRODUCT_NAME = "$(TARGET_NAME)";
				SWIFT_VERSION = 4.0;
				TARGETED_DEVICE_FAMILY = "1,2";
				TEST_HOST = "$(BUILT_PRODUCTS_DIR)/Photorama.app/Photorama";
			};
			name = Debug;
		};
		25EEB829205750BD00A0B280 /* Release */ = {
			isa = XCBuildConfiguration;
			buildSettings = {
				ALWAYS_EMBED_SWIFT_STANDARD_LIBRARIES = YES;
				BUNDLE_LOADER = "$(TEST_HOST)";
				CODE_SIGN_STYLE = Automatic;
				DEVELOPMENT_TEAM = 2BULHRS882;
				INFOPLIST_FILE = PhotoramaTests/Info.plist;
				LD_RUNPATH_SEARCH_PATHS = "$(inherited) @executable_path/Frameworks @loader_path/Frameworks";
				PRODUCT_BUNDLE_IDENTIFIER = ca.Tarun.PhotoramaTests;
				PRODUCT_NAME = "$(TARGET_NAME)";
				SWIFT_VERSION = 4.0;
				TARGETED_DEVICE_FAMILY = "1,2";
				TEST_HOST = "$(BUILT_PRODUCTS_DIR)/Photorama.app/Photorama";
			};
			name = Release;
		};
		25EEB82B205750BD00A0B280 /* Debug */ = {
			isa = XCBuildConfiguration;
			buildSettings = {
				ALWAYS_EMBED_SWIFT_STANDARD_LIBRARIES = YES;
				CODE_SIGN_STYLE = Automatic;
				DEVELOPMENT_TEAM = 2BULHRS882;
				INFOPLIST_FILE = PhotoramaUITests/Info.plist;
				LD_RUNPATH_SEARCH_PATHS = "$(inherited) @executable_path/Frameworks @loader_path/Frameworks";
				PRODUCT_BUNDLE_IDENTIFIER = ca.Tarun.PhotoramaUITests;
				PRODUCT_NAME = "$(TARGET_NAME)";
				SWIFT_VERSION = 4.0;
				TARGETED_DEVICE_FAMILY = "1,2";
				TEST_TARGET_NAME = Photorama;
			};
			name = Debug;
		};
		25EEB82C205750BD00A0B280 /* Release */ = {
			isa = XCBuildConfiguration;
			buildSettings = {
				ALWAYS_EMBED_SWIFT_STANDARD_LIBRARIES = YES;
				CODE_SIGN_STYLE = Automatic;
				DEVELOPMENT_TEAM = 2BULHRS882;
				INFOPLIST_FILE = PhotoramaUITests/Info.plist;
				LD_RUNPATH_SEARCH_PATHS = "$(inherited) @executable_path/Frameworks @loader_path/Frameworks";
				PRODUCT_BUNDLE_IDENTIFIER = ca.Tarun.PhotoramaUITests;
				PRODUCT_NAME = "$(TARGET_NAME)";
				SWIFT_VERSION = 4.0;
				TARGETED_DEVICE_FAMILY = "1,2";
				TEST_TARGET_NAME = Photorama;
			};
			name = Release;
		};
/* End XCBuildConfiguration section */

/* Begin XCConfigurationList section */
		25EEB7F7205750BC00A0B280 /* Build configuration list for PBXProject "Photorama" */ = {
			isa = XCConfigurationList;
			buildConfigurations = (
				25EEB822205750BD00A0B280 /* Debug */,
				25EEB823205750BD00A0B280 /* Release */,
			);
			defaultConfigurationIsVisible = 0;
			defaultConfigurationName = Release;
		};
		25EEB824205750BD00A0B280 /* Build configuration list for PBXNativeTarget "Photorama" */ = {
			isa = XCConfigurationList;
			buildConfigurations = (
				25EEB825205750BD00A0B280 /* Debug */,
				25EEB826205750BD00A0B280 /* Release */,
			);
			defaultConfigurationIsVisible = 0;
			defaultConfigurationName = Release;
		};
		25EEB827205750BD00A0B280 /* Build configuration list for PBXNativeTarget "PhotoramaTests" */ = {
			isa = XCConfigurationList;
			buildConfigurations = (
				25EEB828205750BD00A0B280 /* Debug */,
				25EEB829205750BD00A0B280 /* Release */,
			);
			defaultConfigurationIsVisible = 0;
			defaultConfigurationName = Release;
		};
		25EEB82A205750BD00A0B280 /* Build configuration list for PBXNativeTarget "PhotoramaUITests" */ = {
			isa = XCConfigurationList;
			buildConfigurations = (
				25EEB82B205750BD00A0B280 /* Debug */,
				25EEB82C205750BD00A0B280 /* Release */,
			);
			defaultConfigurationIsVisible = 0;
			defaultConfigurationName = Release;
		};
/* End XCConfigurationList section */
	};
	rootObject = 25EEB7F4205750BC00A0B280 /* Project object */;
}
